
Microsoft Visual Studio Solution File, Format Version 12.00
# Visual Studio Version 16
VisualStudioVersion = 16.0.30804.86
MinimumVisualStudioVersion = 10.0.40219.1
Project("{9A19103F-16F7-4668-BE54-9A1E7A4F7556}") = "Domain", "Domain\Domain.csproj", "{91B4BBC8-0AFB-431E-B634-8307CA36FB17}"
EndProject
Project("{9A19103F-16F7-4668-BE54-9A1E7A4F7556}") = "Repository", "Repository\Repository.csproj", "{AD2A30E8-A97E-4C71-B29F-CB20713D844E}"
EndProject
Project("{9A19103F-16F7-4668-BE54-9A1E7A4F7556}") = "UI", "UI\UI.csproj", "{2ED92EF2-1B89-4FE8-A08F-23FC31BC480C}"
EndProject
Project("{9A19103F-16F7-4668-BE54-9A1E7A4F7556}") = "IoC", "IoC\IoC.csproj", "{1BD975DF-0E40-489B-A982-E8105D02A3C3}"
EndProject
Project("{FAE04EC0-301F-11D3-BF4B-00C04F79EFBC}") = "Service", "Service\Service.csproj", "{347BF7CD-2FDB-4C70-A32E-44E999BD92D5}"
EndProject
Global
	GlobalSection(SolutionConfigurationPlatforms) = preSolution
		Debug|Any CPU = Debug|Any CPU
		Release|Any CPU = Release|Any CPU
	EndGlobalSection
	GlobalSection(ProjectConfigurationPlatforms) = postSolution
		{91B4BBC8-0AFB-431E-B634-8307CA36FB17}.Debug|Any CPU.ActiveCfg = Debug|Any CPU
		{91B4BBC8-0AFB-431E-B634-8307CA36FB17}.Debug|Any CPU.Build.0 = Debug|Any CPU
		{91B4BBC8-0AFB-431E-B634-8307CA36FB17}.Release|Any CPU.ActiveCfg = Release|Any CPU
		{91B4BBC8-0AFB-431E-B634-8307CA36FB17}.Release|Any CPU.Build.0 = Release|Any CPU
		{AD2A30E8-A97E-4C71-B29F-CB20713D844E}.Debug|Any CPU.ActiveCfg = Debug|Any CPU
		{AD2A30E8-A97E-4C71-B29F-CB20713D844E}.Debug|Any CPU.Build.0 = Debug|Any CPU
		{AD2A30E8-A97E-4C71-B29F-CB20713D844E}.Release|Any CPU.ActiveCfg = Release|Any CPU
		{AD2A30E8-A97E-4C71-B29F-CB20713D844E}.Release|Any CPU.Build.0 = Release|Any CPU
		{2ED92EF2-1B89-4FE8-A08F-23FC31BC480C}.Debug|Any CPU.ActiveCfg = Debug|Any CPU
		{2ED92EF2-1B89-4FE8-A08F-23FC31BC480C}.Debug|Any CPU.Build.0 = Debug|Any CPU
		{2ED92EF2-1B89-4FE8-A08F-23FC31BC480C}.Release|Any CPU.ActiveCfg = Release|Any CPU
		{2ED92EF2-1B89-4FE8-A08F-23FC31BC480C}.Release|Any CPU.Build.0 = Release|Any CPU
		{1BD975DF-0E40-489B-A982-E8105D02A3C3}.Debug|Any CPU.ActiveCfg = Debug|Any CPU
		{1BD975DF-0E40-489B-A982-E8105D02A3C3}.Debug|Any CPU.Build.0 = Debug|Any CPU
		{1BD975DF-0E40-489B-A982-E8105D02A3C3}.Release|Any CPU.ActiveCfg = Release|Any CPU
		{1BD975DF-0E40-489B-A982-E8105D02A3C3}.Release|Any CPU.Build.0 = Release|Any CPU
		{347BF7CD-2FDB-4C70-A32E-44E999BD92D5}.Debug|Any CPU.ActiveCfg = Debug|Any CPU
		{347BF7CD-2FDB-4C70-A32E-44E999BD92D5}.Debug|Any CPU.Build.0 = Debug|Any CPU
		{347BF7CD-2FDB-4C70-A32E-44E999BD92D5}.Release|Any CPU.ActiveCfg = Release|Any CPU
		{347BF7CD-2FDB-4C70-A32E-44E999BD92D5}.Release|Any CPU.Build.0 = Release|Any CPU
	EndGlobalSection
	GlobalSection(SolutionProperties) = preSolution
		HideSolutionNode = FALSE
	EndGlobalSection
	GlobalSection(ExtensibilityGlobals) = postSolution
		SolutionGuid = {1A9ED41B-DE0F-426E-AB50-948D1014589E}
	EndGlobalSection
EndGlobal
